// !$*UTF8*$!
{
	archiveVersion = 1;
	classes = {
	};
	objectVersion = 46;
	objects = {

/* Begin PBXBuildFile section */
		84F93E6D1ADD7C4F004F0E4C /* Foundation.framework in Frameworks */ = {isa = PBXBuildFile; fileRef = 84F93E6C1ADD7C4F004F0E4C /* Foundation.framework */; };
		84F93E6F1ADD7C4F004F0E4C /* CoreGraphics.framework in Frameworks */ = {isa = PBXBuildFile; fileRef = 84F93E6E1ADD7C4F004F0E4C /* CoreGraphics.framework */; };
		84F93E711ADD7C4F004F0E4C /* UIKit.framework in Frameworks */ = {isa = PBXBuildFile; fileRef = 84F93E701ADD7C4F004F0E4C /* UIKit.framework */; };
		84F93E771ADD7C4F004F0E4C /* InfoPlist.strings in Resources */ = {isa = PBXBuildFile; fileRef = 84F93E751ADD7C4F004F0E4C /* InfoPlist.strings */; };
		84F93E791ADD7C4F004F0E4C /* main.m in Sources */ = {isa = PBXBuildFile; fileRef = 84F93E781ADD7C4F004F0E4C /* main.m */; };
		84F93E7D1ADD7C4F004F0E4C /* RPAppDelegate.m in Sources */ = {isa = PBXBuildFile; fileRef = 84F93E7C1ADD7C4F004F0E4C /* RPAppDelegate.m */; };
		84F93E801ADD7C4F004F0E4C /* Main.storyboard in Resources */ = {isa = PBXBuildFile; fileRef = 84F93E7E1ADD7C4F004F0E4C /* Main.storyboard */; };
		84F93E831ADD7C4F004F0E4C /* RPViewController.m in Sources */ = {isa = PBXBuildFile; fileRef = 84F93E821ADD7C4F004F0E4C /* RPViewController.m */; };
		84F93E851ADD7C4F004F0E4C /* Images.xcassets in Resources */ = {isa = PBXBuildFile; fileRef = 84F93E841ADD7C4F004F0E4C /* Images.xcassets */; };
		84F93E8C1ADD7C4F004F0E4C /* XCTest.framework in Frameworks */ = {isa = PBXBuildFile; fileRef = 84F93E8B1ADD7C4F004F0E4C /* XCTest.framework */; };
		84F93E8D1ADD7C4F004F0E4C /* Foundation.framework in Frameworks */ = {isa = PBXBuildFile; fileRef = 84F93E6C1ADD7C4F004F0E4C /* Foundation.framework */; };
		84F93E8E1ADD7C4F004F0E4C /* UIKit.framework in Frameworks */ = {isa = PBXBuildFile; fileRef = 84F93E701ADD7C4F004F0E4C /* UIKit.framework */; };
		84F93E961ADD7C4F004F0E4C /* InfoPlist.strings in Resources */ = {isa = PBXBuildFile; fileRef = 84F93E941ADD7C4F004F0E4C /* InfoPlist.strings */; };
		84F93E981ADD7C4F004F0E4C /* AyuromaTests.m in Sources */ = {isa = PBXBuildFile; fileRef = 84F93E971ADD7C4F004F0E4C /* AyuromaTests.m */; };
/* End PBXBuildFile section */

/* Begin PBXContainerItemProxy section */
		84F93E8F1ADD7C4F004F0E4C /* PBXContainerItemProxy */ = {
			isa = PBXContainerItemProxy;
			containerPortal = 84F93E611ADD7C4F004F0E4C /* Project object */;
			proxyType = 1;
			remoteGlobalIDString = 84F93E681ADD7C4F004F0E4C;
			remoteInfo = Ayuroma;
		};
/* End PBXContainerItemProxy section */

/* Begin PBXFileReference section */
		84F93E691ADD7C4F004F0E4C /* Ayuroma.app */ = {isa = PBXFileReference; explicitFileType = wrapper.application; includeInIndex = 0; path = Ayuroma.app; sourceTree = BUILT_PRODUCTS_DIR; };
		84F93E6C1ADD7C4F004F0E4C /* Foundation.framework */ = {isa = PBXFileReference; lastKnownFileType = wrapper.framework; name = Foundation.framework; path = System/Library/Frameworks/Foundation.framework; sourceTree = SDKROOT; };
		84F93E6E1ADD7C4F004F0E4C /* CoreGraphics.framework */ = {isa = PBXFileReference; lastKnownFileType = wrapper.framework; name = CoreGraphics.framework; path = System/Library/Frameworks/CoreGraphics.framework; sourceTree = SDKROOT; };
		84F93E701ADD7C4F004F0E4C /* UIKit.framework */ = {isa = PBXFileReference; lastKnownFileType = wrapper.framework; name = UIKit.framework; path = System/Library/Frameworks/UIKit.framework; sourceTree = SDKROOT; };
		84F93E741ADD7C4F004F0E4C /* Ayuroma-Info.plist */ = {isa = PBXFileReference; lastKnownFileType = text.plist.xml; path = "Ayuroma-Info.plist"; sourceTree = "<group>"; };
		84F93E761ADD7C4F004F0E4C /* en */ = {isa = PBXFileReference; lastKnownFileType = text.plist.strings; name = en; path = en.lproj/InfoPlist.strings; sourceTree = "<group>"; };
		84F93E781ADD7C4F004F0E4C /* main.m */ = {isa = PBXFileReference; lastKnownFileType = sourcecode.c.objc; path = main.m; sourceTree = "<group>"; };
		84F93E7A1ADD7C4F004F0E4C /* Ayuroma-Prefix.pch */ = {isa = PBXFileReference; lastKnownFileType = sourcecode.c.h; path = "Ayuroma-Prefix.pch"; sourceTree = "<group>"; };
		84F93E7B1ADD7C4F004F0E4C /* RPAppDelegate.h */ = {isa = PBXFileReference; lastKnownFileType = sourcecode.c.h; path = RPAppDelegate.h; sourceTree = "<group>"; };
		84F93E7C1ADD7C4F004F0E4C /* RPAppDelegate.m */ = {isa = PBXFileReference; lastKnownFileType = sourcecode.c.objc; path = RPAppDelegate.m; sourceTree = "<group>"; };
		84F93E7F1ADD7C4F004F0E4C /* Base */ = {isa = PBXFileReference; lastKnownFileType = file.storyboard; name = Base; path = Base.lproj/Main.storyboard; sourceTree = "<group>"; };
		84F93E811ADD7C4F004F0E4C /* RPViewController.h */ = {isa = PBXFileReference; lastKnownFileType = sourcecode.c.h; path = RPViewController.h; sourceTree = "<group>"; };
		84F93E821ADD7C4F004F0E4C /* RPViewController.m */ = {isa = PBXFileReference; lastKnownFileType = sourcecode.c.objc; path = RPViewController.m; sourceTree = "<group>"; };
		84F93E841ADD7C4F004F0E4C /* Images.xcassets */ = {isa = PBXFileReference; lastKnownFileType = folder.assetcatalog; path = Images.xcassets; sourceTree = "<group>"; };
		84F93E8A1ADD7C4F004F0E4C /* AyuromaTests.xctest */ = {isa = PBXFileReference; explicitFileType = wrapper.cfbundle; includeInIndex = 0; path = AyuromaTests.xctest; sourceTree = BUILT_PRODUCTS_DIR; };
		84F93E8B1ADD7C4F004F0E4C /* XCTest.framework */ = {isa = PBXFileReference; lastKnownFileType = wrapper.framework; name = XCTest.framework; path = Library/Frameworks/XCTest.framework; sourceTree = DEVELOPER_DIR; };
		84F93E931ADD7C4F004F0E4C /* AyuromaTests-Info.plist */ = {isa = PBXFileReference; lastKnownFileType = text.plist.xml; path = "AyuromaTests-Info.plist"; sourceTree = "<group>"; };
		84F93E951ADD7C4F004F0E4C /* en */ = {isa = PBXFileReference; lastKnownFileType = text.plist.strings; name = en; path = en.lproj/InfoPlist.strings; sourceTree = "<group>"; };
		84F93E971ADD7C4F004F0E4C /* AyuromaTests.m */ = {isa = PBXFileReference; lastKnownFileType = sourcecode.c.objc; path = AyuromaTests.m; sourceTree = "<group>"; };
/* End PBXFileReference section */

/* Begin PBXFrameworksBuildPhase section */
		84F93E661ADD7C4F004F0E4C /* Frameworks */ = {
			isa = PBXFrameworksBuildPhase;
			buildActionMask = 2147483647;
			files = (
				84F93E6F1ADD7C4F004F0E4C /* CoreGraphics.framework in Frameworks */,
				84F93E711ADD7C4F004F0E4C /* UIKit.framework in Frameworks */,
				84F93E6D1ADD7C4F004F0E4C /* Foundation.framework in Frameworks */,
			);
			runOnlyForDeploymentPostprocessing = 0;
		};
		84F93E871ADD7C4F004F0E4C /* Frameworks */ = {
			isa = PBXFrameworksBuildPhase;
			buildActionMask = 2147483647;
			files = (
				84F93E8C1ADD7C4F004F0E4C /* XCTest.framework in Frameworks */,
				84F93E8E1ADD7C4F004F0E4C /* UIKit.framework in Frameworks */,
				84F93E8D1ADD7C4F004F0E4C /* Foundation.framework in Frameworks */,
			);
			runOnlyForDeploymentPostprocessing = 0;
		};
/* End PBXFrameworksBuildPhase section */

/* Begin PBXGroup section */
		84F93E601ADD7C4F004F0E4C = {
			isa = PBXGroup;
			children = (
				84F93E721ADD7C4F004F0E4C /* Ayuroma */,
				84F93E911ADD7C4F004F0E4C /* AyuromaTests */,
				84F93E6B1ADD7C4F004F0E4C /* Frameworks */,
				84F93E6A1ADD7C4F004F0E4C /* Products */,
			);
			sourceTree = "<group>";
		};
		84F93E6A1ADD7C4F004F0E4C /* Products */ = {
			isa = PBXGroup;
			children = (
				84F93E691ADD7C4F004F0E4C /* Ayuroma.app */,
				84F93E8A1ADD7C4F004F0E4C /* AyuromaTests.xctest */,
			);
			name = Products;
			sourceTree = "<group>";
		};
		84F93E6B1ADD7C4F004F0E4C /* Frameworks */ = {
			isa = PBXGroup;
			children = (
				84F93E6C1ADD7C4F004F0E4C /* Foundation.framework */,
				84F93E6E1ADD7C4F004F0E4C /* CoreGraphics.framework */,
				84F93E701ADD7C4F004F0E4C /* UIKit.framework */,
				84F93E8B1ADD7C4F004F0E4C /* XCTest.framework */,
			);
			name = Frameworks;
			sourceTree = "<group>";
		};
		84F93E721ADD7C4F004F0E4C /* Ayuroma */ = {
			isa = PBXGroup;
			children = (
				84F93E7B1ADD7C4F004F0E4C /* RPAppDelegate.h */,
				84F93E7C1ADD7C4F004F0E4C /* RPAppDelegate.m */,
				84F93E7E1ADD7C4F004F0E4C /* Main.storyboard */,
				84F93E811ADD7C4F004F0E4C /* RPViewController.h */,
				84F93E821ADD7C4F004F0E4C /* RPViewController.m */,
				84F93E841ADD7C4F004F0E4C /* Images.xcassets */,
				84F93E731ADD7C4F004F0E4C /* Supporting Files */,
			);
			path = Ayuroma;
			sourceTree = "<group>";
		};
		84F93E731ADD7C4F004F0E4C /* Supporting Files */ = {
			isa = PBXGroup;
			children = (
				84F93E741ADD7C4F004F0E4C /* Ayuroma-Info.plist */,
				84F93E751ADD7C4F004F0E4C /* InfoPlist.strings */,
				84F93E781ADD7C4F004F0E4C /* main.m */,
				84F93E7A1ADD7C4F004F0E4C /* Ayuroma-Prefix.pch */,
			);
			name = "Supporting Files";
			sourceTree = "<group>";
		};
		84F93E911ADD7C4F004F0E4C /* AyuromaTests */ = {
			isa = PBXGroup;
			children = (
				84F93E971ADD7C4F004F0E4C /* AyuromaTests.m */,
				84F93E921ADD7C4F004F0E4C /* Supporting Files */,
			);
			path = AyuromaTests;
			sourceTree = "<group>";
		};
		84F93E921ADD7C4F004F0E4C /* Supporting Files */ = {
			isa = PBXGroup;
			children = (
				84F93E931ADD7C4F004F0E4C /* AyuromaTests-Info.plist */,
				84F93E941ADD7C4F004F0E4C /* InfoPlist.strings */,
			);
			name = "Supporting Files";
			sourceTree = "<group>";
		};
/* End PBXGroup section */

/* Begin PBXNativeTarget section */
		84F93E681ADD7C4F004F0E4C /* Ayuroma */ = {
			isa = PBXNativeTarget;
			buildConfigurationList = 84F93E9B1ADD7C50004F0E4C /* Build configuration list for PBXNativeTarget "Ayuroma" */;
			buildPhases = (
				84F93E651ADD7C4F004F0E4C /* Sources */,
				84F93E661ADD7C4F004F0E4C /* Frameworks */,
				84F93E671ADD7C4F004F0E4C /* Resources */,
			);
			buildRules = (
			);
			dependencies = (
			);
			name = Ayuroma;
			productName = Ayuroma;
			productReference = 84F93E691ADD7C4F004F0E4C /* Ayuroma.app */;
			productType = "com.apple.product-type.application";
		};
		84F93E891ADD7C4F004F0E4C /* AyuromaTests */ = {
			isa = PBXNativeTarget;
			buildConfigurationList = 84F93E9E1ADD7C50004F0E4C /* Build configuration list for PBXNativeTarget "AyuromaTests" */;
			buildPhases = (
				84F93E861ADD7C4F004F0E4C /* Sources */,
				84F93E871ADD7C4F004F0E4C /* Frameworks */,
				84F93E881ADD7C4F004F0E4C /* Resources */,
			);
			buildRules = (
			);
			dependencies = (
				84F93E901ADD7C4F004F0E4C /* PBXTargetDependency */,
			);
			name = AyuromaTests;
			productName = AyuromaTests;
			productReference = 84F93E8A1ADD7C4F004F0E4C /* AyuromaTests.xctest */;
			productType = "com.apple.product-type.bundle.unit-test";
		};
/* End PBXNativeTarget section */

/* Begin PBXProject section */
		84F93E611ADD7C4F004F0E4C /* Project object */ = {
			isa = PBXProject;
			attributes = {
				CLASSPREFIX = RP;
				LastUpgradeCheck = 0510;
				ORGANIZATIONNAME = "Roman Pochtaruk";
				TargetAttributes = {
					84F93E891ADD7C4F004F0E4C = {
						TestTargetID = 84F93E681ADD7C4F004F0E4C;
					};
				};
			};
			buildConfigurationList = 84F93E641ADD7C4F004F0E4C /* Build configuration list for PBXProject "Ayuroma" */;
			compatibilityVersion = "Xcode 3.2";
			developmentRegion = English;
			hasScannedForEncodings = 0;
			knownRegions = (
				en,
				Base,
			);
			mainGroup = 84F93E601ADD7C4F004F0E4C;
			productRefGroup = 84F93E6A1ADD7C4F004F0E4C /* Products */;
			projectDirPath = "";
			projectRoot = "";
			targets = (
				84F93E681ADD7C4F004F0E4C /* Ayuroma */,
				84F93E891ADD7C4F004F0E4C /* AyuromaTests */,
			);
		};
/* End PBXProject section */

/* Begin PBXResourcesBuildPhase section */
		84F93E671ADD7C4F004F0E4C /* Resources */ = {
			isa = PBXResourcesBuildPhase;
			buildActionMask = 2147483647;
			files = (
				84F93E851ADD7C4F004F0E4C /* Images.xcassets in Resources */,
				84F93E771ADD7C4F004F0E4C /* InfoPlist.strings in Resources */,
				84F93E801ADD7C4F004F0E4C /* Main.storyboard in Resources */,
			);
			runOnlyForDeploymentPostprocessing = 0;
		};
		84F93E881ADD7C4F004F0E4C /* Resources */ = {
			isa = PBXResourcesBuildPhase;
			buildActionMask = 2147483647;
			files = (
				84F93E961ADD7C4F004F0E4C /* InfoPlist.strings in Resources */,
			);
			runOnlyForDeploymentPostprocessing = 0;
		};
/* End PBXResourcesBuildPhase section */

/* Begin PBXSourcesBuildPhase section */
		84F93E651ADD7C4F004F0E4C /* Sources */ = {
			isa = PBXSourcesBuildPhase;
			buildActionMask = 2147483647;
			files = (
				84F93E7D1ADD7C4F004F0E4C /* RPAppDelegate.m in Sources */,
				84F93E791ADD7C4F004F0E4C /* main.m in Sources */,
				84F93E831ADD7C4F004F0E4C /* RPViewController.m in Sources */,
			);
			runOnlyForDeploymentPostprocessing = 0;
		};
		84F93E861ADD7C4F004F0E4C /* Sources */ = {
			isa = PBXSourcesBuildPhase;
			buildActionMask = 2147483647;
			files = (
				84F93E981ADD7C4F004F0E4C /* AyuromaTests.m in Sources */,
			);
			runOnlyForDeploymentPostprocessing = 0;
		};
/* End PBXSourcesBuildPhase section */

/* Begin PBXTargetDependency section */
		84F93E901ADD7C4F004F0E4C /* PBXTargetDependency */ = {
			isa = PBXTargetDependency;
			target = 84F93E681ADD7C4F004F0E4C /* Ayuroma */;
			targetProxy = 84F93E8F1ADD7C4F004F0E4C /* PBXContainerItemProxy */;
		};
/* End PBXTargetDependency section */

/* Begin PBXVariantGroup section */
		84F93E751ADD7C4F004F0E4C /* InfoPlist.strings */ = {
			isa = PBXVariantGroup;
			children = (
				84F93E761ADD7C4F004F0E4C /* en */,
			);
			name = InfoPlist.strings;
			sourceTree = "<group>";
		};
		84F93E7E1ADD7C4F004F0E4C /* Main.storyboard */ = {
			isa = PBXVariantGroup;
			children = (
				84F93E7F1ADD7C4F004F0E4C /* Base */,
			);
			name = Main.storyboard;
			sourceTree = "<group>";
		};
		84F93E941ADD7C4F004F0E4C /* InfoPlist.strings */ = {
			isa = PBXVariantGroup;
			children = (
				84F93E951ADD7C4F004F0E4C /* en */,
			);
			name = InfoPlist.strings;
			sourceTree = "<group>";
		};
/* End PBXVariantGroup section */

/* Begin XCBuildConfiguration section */
		84F93E991ADD7C50004F0E4C /* Debug */ = {
			isa = XCBuildConfiguration;
			buildSettings = {
				ALWAYS_SEARCH_USER_PATHS = NO;
				CLANG_CXX_LANGUAGE_STANDARD = "gnu++0x";
				CLANG_CXX_LIBRARY = "libc++";
				CLANG_ENABLE_MODULES = YES;
				CLANG_ENABLE_OBJC_ARC = YES;
				CLANG_WARN_BOOL_CONVERSION = YES;
				CLANG_WARN_CONSTANT_CONVERSION = YES;
				CLANG_WARN_DIRECT_OBJC_ISA_USAGE = YES_ERROR;
				CLANG_WARN_EMPTY_BODY = YES;
				CLANG_WARN_ENUM_CONVERSION = YES;
				CLANG_WARN_INT_CONVERSION = YES;
				CLANG_WARN_OBJC_ROOT_CLASS = YES_ERROR;
				CLANG_WARN__DUPLICATE_METHOD_MATCH = YES;
				"CODE_SIGN_IDENTITY[sdk=iphoneos*]" = "iPhone Developer";
				COPY_PHASE_STRIP = NO;
				GCC_C_LANGUAGE_STANDARD = gnu99;
				GCC_DYNAMIC_NO_PIC = NO;
				GCC_OPTIMIZATION_LEVEL = 0;
				GCC_PREPROCESSOR_DEFINITIONS = (
					"DEBUG=1",
					"$(inherited)",
				);
				GCC_SYMBOLS_PRIVATE_EXTERN = NO;
				GCC_WARN_64_TO_32_BIT_CONVERSION = YES;
				GCC_WARN_ABOUT_RETURN_TYPE = YES_ERROR;
				GCC_WARN_UNDECLARED_SELECTOR = YES;
				GCC_WARN_UNINITIALIZED_AUTOS = YES_AGGRESSIVE;
				GCC_WARN_UNUSED_FUNCTION = YES;
				GCC_WARN_UNUSED_VARIABLE = YES;
				IPHONEOS_DEPLOYMENT_TARGET = 7.1;
				ONLY_ACTIVE_ARCH = YES;
				SDKROOT = iphoneos;
			};
			name = Debug;
		};
		84F93E9A1ADD7C50004F0E4C /* Release */ = {
			isa = XCBuildConfiguration;
			buildSettings = {
				ALWAYS_SEARCH_USER_PATHS = NO;
				CLANG_CXX_LANGUAGE_STANDARD = "gnu++0x";
				CLANG_CXX_LIBRARY = "libc++";
				CLANG_ENABLE_MODULES = YES;
				CLANG_ENABLE_OBJC_ARC = YES;
				CLANG_WARN_BOOL_CONVERSION = YES;
				CLANG_WARN_CONSTANT_CONVERSION = YES;
				CLANG_WARN_DIRECT_OBJC_ISA_USAGE = YES_ERROR;
				CLANG_WARN_EMPTY_BODY = YES;
				CLANG_WARN_ENUM_CONVERSION = YES;
				CLANG_WARN_INT_CONVERSION = YES;
				CLANG_WARN_OBJC_ROOT_CLASS = YES_ERROR;
				CLANG_WARN__DUPLICATE_METHOD_MATCH = YES;
				"CODE_SIGN_IDENTITY[sdk=iphoneos*]" = "iPhone Developer";
				COPY_PHASE_STRIP = YES;
				ENABLE_NS_ASSERTIONS = NO;
				GCC_C_LANGUAGE_STANDARD = gnu99;
				GCC_WARN_64_TO_32_BIT_CONVERSION = YES;
				GCC_WARN_ABOUT_RETURN_TYPE = YES_ERROR;
				GCC_WARN_UNDECLARED_SELECTOR = YES;
				GCC_WARN_UNINITIALIZED_AUTOS = YES_AGGRESSIVE;
				GCC_WARN_UNUSED_FUNCTION = YES;
				GCC_WARN_UNUSED_VARIABLE = YES;
				IPHONEOS_DEPLOYMENT_TARGET = 7.1;
				SDKROOT = iphoneos;
				VALIDATE_PRODUCT = YES;
			};
			name = Release;
		};
		84F93E9C1ADD7C50004F0E4C /* Debug */ = {
			isa = XCBuildConfiguration;
			buildSettings = {
				ASSETCATALOG_COMPILER_APPICON_NAME = AppIcon;
				ASSETCATALOG_COMPILER_LAUNCHIMAGE_NAME = LaunchImage;
				GCC_PRECOMPILE_PREFIX_HEADER = YES;
				GCC_PREFIX_HEADER = "Ayuroma/Ayuroma-Prefix.pch";
				INFOPLIST_FILE = "Ayuroma/Ayuroma-Info.plist";
				PRODUCT_NAME = "$(TARGET_NAME)";
				WRAPPER_EXTENSION = app;
			};
			name = Debug;
		};
		84F93E9D1ADD7C50004F0E4C /* Release */ = {
			isa = XCBuildConfiguration;
			buildSettings = {
				ASSETCATALOG_COMPILER_APPICON_NAME = AppIcon;
				ASSETCATALOG_COMPILER_LAUNCHIMAGE_NAME = LaunchImage;
				GCC_PRECOMPILE_PREFIX_HEADER = YES;
				GCC_PREFIX_HEADER = "Ayuroma/Ayuroma-Prefix.pch";
				INFOPLIST_FILE = "Ayuroma/Ayuroma-Info.plist";
				PRODUCT_NAME = "$(TARGET_NAME)";
				WRAPPER_EXTENSION = app;
			};
			name = Release;
		};
		84F93E9F1ADD7C50004F0E4C /* Debug */ = {
			isa = XCBuildConfiguration;
			buildSettings = {
				BUNDLE_LOADER = "$(BUILT_PRODUCTS_DIR)/Ayuroma.app/Ayuroma";
				FRAMEWORK_SEARCH_PATHS = (
					"$(SDKROOT)/Developer/Library/Frameworks",
					"$(inherited)",
					"$(DEVELOPER_FRAMEWORKS_DIR)",
				);
				GCC_PRECOMPILE_PREFIX_HEADER = YES;
				GCC_PREFIX_HEADER = "Ayuroma/Ayuroma-Prefix.pch";
				GCC_PREPROCESSOR_DEFINITIONS = (
					"DEBUG=1",
					"$(inherited)",
				);
				INFOPLIST_FILE = "AyuromaTests/AyuromaTests-Info.plist";
				PRODUCT_NAME = "$(TARGET_NAME)";
				TEST_HOST = "$(BUNDLE_LOADER)";
				WRAPPER_EXTENSION = xctest;
			};
			name = Debug;
		};
		84F93EA01ADD7C50004F0E4C /* Release */ = {
			isa = XCBuildConfiguration;
			buildSettings = {
				BUNDLE_LOADER = "$(BUILT_PRODUCTS_DIR)/Ayuroma.app/Ayuroma";
				FRAMEWORK_SEARCH_PATHS = (
					"$(SDKROOT)/Developer/Library/Frameworks",
					"$(inherited)",
					"$(DEVELOPER_FRAMEWORKS_DIR)",
				);
				GCC_PRECOMPILE_PREFIX_HEADER = YES;
				GCC_PREFIX_HEADER = "Ayuroma/Ayuroma-Prefix.pch";
				INFOPLIST_FILE = "AyuromaTests/AyuromaTests-Info.plist";
				PRODUCT_NAME = "$(TARGET_NAME)";
				TEST_HOST = "$(BUNDLE_LOADER)";
				WRAPPER_EXTENSION = xctest;
			};
			name = Release;
		};
/* End XCBuildConfiguration section */

/* Begin XCConfigurationList section */
		84F93E641ADD7C4F004F0E4C /* Build configuration list for PBXProject "Ayuroma" */ = {
			isa = XCConfigurationList;
			buildConfigurations = (
				84F93E991ADD7C50004F0E4C /* Debug */,
				84F93E9A1ADD7C50004F0E4C /* Release */,
			);
			defaultConfigurationIsVisible = 0;
			defaultConfigurationName = Release;
		};
		84F93E9B1ADD7C50004F0E4C /* Build configuration list for PBXNativeTarget "Ayuroma" */ = {
			isa = XCConfigurationList;
			buildConfigurations = (
				84F93E9C1ADD7C50004F0E4C /* Debug */,
				84F93E9D1ADD7C50004F0E4C /* Release */,
			);
			defaultConfigurationIsVisible = 0;
		};
		84F93E9E1ADD7C50004F0E4C /* Build configuration list for PBXNativeTarget "AyuromaTests" */ = {
			isa = XCConfigurationList;
			buildConfigurations = (
				84F93E9F1ADD7C50004F0E4C /* Debug */,
				84F93EA01ADD7C50004F0E4C /* Release */,
			);
			defaultConfigurationIsVisible = 0;
		};
/* End XCConfigurationList section */
	};
	rootObject = 84F93E611ADD7C4F004F0E4C /* Project object */;
}
